
Microsoft Visual Studio Solution File, Format Version 12.00
# Visual Studio Version 16
VisualStudioVersion = 16.0.31410.357
MinimumVisualStudioVersion = 10.0.40219.1
Project("{FAE04EC0-301F-11D3-BF4B-00C04F79EFBC}") = "Authn", "Authn\Authn.csproj", "{6177D6CF-9A0A-438E-874F-66555249136F}"
EndProject
Global
	GlobalSection(SolutionConfigurationPlatforms) = preSolution
		Debug|Any CPU = Debug|Any CPU
		Release|Any CPU = Release|Any CPU
	EndGlobalSection
	GlobalSection(ProjectConfigurationPlatforms) = postSolution
		{6177D6CF-9A0A-438E-874F-66555249136F}.Debug|Any CPU.ActiveCfg = Debug|Any CPU
		{6177D6CF-9A0A-438E-874F-66555249136F}.Debug|Any CPU.Build.0 = Debug|Any CPU
		{6177D6CF-9A0A-438E-874F-66555249136F}.Release|Any CPU.ActiveCfg = Release|Any CPU
		{6177D6CF-9A0A-438E-874F-66555249136F}.Release|Any CPU.Build.0 = Release|Any CPU
	EndGlobalSection
	GlobalSection(SolutionProperties) = preSolution
		HideSolutionNode = FALSE
	EndGlobalSection
	GlobalSection(ExtensibilityGlobals) = postSolution
		SolutionGuid = {66A1D4CD-8BAC-4DA6-8E79-89AC927B7292}
	EndGlobalSection
EndGlobal
